# This file is @generated by PDM.
# It is not intended for manual editing.

[metadata]
groups = ["default", "dev"]
strategy = ["inherit_metadata"]
lock_version = "4.5.0"
content_hash = "sha256:4d2f81b91885ce2cc08ec93afd2eff74895e73f37b1fc9e99c00d2839bd26fe9"

[[metadata.targets]]
requires_python = ">=3.10"

[[package]]
name = "bashlex"
version = "0.18"
requires_python = ">=2.7, !=3.0, !=3.1, !=3.2, !=3.3, !=3.4"
summary = "Python parser for bash"
groups = ["dev"]
dependencies = [
    "enum34; python_version < \"3.4\"",
]
files = [
    {file = "bashlex-0.18-py2.py3-none-any.whl", hash = "sha256:91d73a23a3e51711919c1c899083890cdecffc91d8c088942725ac13e9dcfffa"},
    {file = "bashlex-0.18.tar.gz", hash = "sha256:5bb03a01c6d5676338c36fd1028009c8ad07e7d61d8a1ce3f513b7fff52796ee"},
]

[[package]]
name = "bracex"
version = "2.5.post1"
requires_python = ">=3.8"
summary = "Bash style brace expander."
groups = ["dev"]
files = [
    {file = "bracex-2.5.post1-py3-none-any.whl", hash = "sha256:13e5732fec27828d6af308628285ad358047cec36801598368cb28bc631dbaf6"},
    {file = "bracex-2.5.post1.tar.gz", hash = "sha256:12c50952415bfa773d2d9ccb8e79651b8cdb1f31a42f6091b804f6ba2b4a66b6"},
]

[[package]]
name = "certifi"
version = "2024.8.30"
requires_python = ">=3.6"
summary = "Python package for providing Mozilla's CA Bundle."
groups = ["dev"]
files = [
    {file = "certifi-2024.8.30-py3-none-any.whl", hash = "sha256:922820b53db7a7257ffbda3f597266d435245903d80737e34f8a45ff3e3230d8"},
    {file = "certifi-2024.8.30.tar.gz", hash = "sha256:bec941d2aa8195e248a60b31ff9f0558284cf01a52591ceda73ea9afffd69fd9"},
]

[[package]]
name = "cibuildwheel"
version = "2.21.2"
requires_python = ">=3.8"
summary = "Build Python wheels on CI with minimal configuration."
groups = ["dev"]
dependencies = [
    "bashlex!=0.13",
    "bracex",
    "certifi",
    "filelock",
    "packaging>=20.9",
    "platformdirs",
    "tomli; python_version < \"3.11\"",
    "typing-extensions>=4.1.0; python_version < \"3.11\"",
]
files = [
    {file = "cibuildwheel-2.21.2-py3-none-any.whl", hash = "sha256:60c3bd4e374c459dda09c4be5da5084e86e19310dbd9052f630b76bf3942aabb"},
    {file = "cibuildwheel-2.21.2.tar.gz", hash = "sha256:57b04c8afe1db6e03e78f9a4af8525410344a65a585a3369755433ce5fbc7754"},
]

[[package]]
name = "filelock"
version = "3.16.1"
requires_python = ">=3.8"
summary = "A platform independent file lock."
groups = ["dev"]
files = [
    {file = "filelock-3.16.1-py3-none-any.whl", hash = "sha256:2082e5703d51fbf98ea75855d9d5527e33d8ff23099bec374a134febee6946b0"},
    {file = "filelock-3.16.1.tar.gz", hash = "sha256:c249fbfcd5db47e5e2d6d62198e565475ee65e4831e2561c8e313fa7eb961435"},
]

[[package]]
name = "packaging"
version = "24.1"
requires_python = ">=3.8"
summary = "Core utilities for Python packages"
groups = ["dev"]
files = [
    {file = "packaging-24.1-py3-none-any.whl", hash = "sha256:5b8f2217dbdbd2f7f384c41c628544e6d52f2d0f53c6d0c3ea61aa5d1d7ff124"},
    {file = "packaging-24.1.tar.gz", hash = "sha256:026ed72c8ed3fcce5bf8950572258698927fd1dbda10a5e981cdf0ac37f4f002"},
]

[[package]]
name = "platformdirs"
version = "4.3.6"
requires_python = ">=3.8"
summary = "A small Python package for determining appropriate platform-specific dirs, e.g. a `user data dir`."
groups = ["dev"]
files = [
    {file = "platformdirs-4.3.6-py3-none-any.whl", hash = "sha256:73e575e1408ab8103900836b97580d5307456908a03e92031bab39e4554cc3fb"},
    {file = "platformdirs-4.3.6.tar.gz", hash = "sha256:357fb2acbc885b0419afd3ce3ed34564c13c9b95c89360cd9563f73aa5e2b907"},
]

[[package]]
name = "setuptools"
version = "75.1.0"
requires_python = ">=3.8"
summary = "Easily download, build, install, upgrade, and uninstall Python packages"
groups = ["default"]
files = [
    {file = "setuptools-75.1.0-py3-none-any.whl", hash = "sha256:35ab7fd3bcd95e6b7fd704e4a1539513edad446c097797f2985e0e4b960772f2"},
    {file = "setuptools-75.1.0.tar.gz", hash = "sha256:d59a21b17a275fb872a9c3dae73963160ae079f1049ed956880cd7c09b120538"},
]

[[package]]
name = "tomli"
version = "2.0.2"
requires_python = ">=3.8"
summary = "A lil' TOML parser"
groups = ["dev"]
marker = "python_version < \"3.11\""
files = [
    {file = "tomli-2.0.2-py3-none-any.whl", hash = "sha256:2ebe24485c53d303f690b0ec092806a085f07af5a5aa1464f3931eec36caaa38"},
    {file = "tomli-2.0.2.tar.gz", hash = "sha256:d46d457a85337051c36524bc5349dd91b1877838e2979ac5ced3e710ed8a60ed"},
]

[[package]]
name = "typing-extensions"
version = "4.12.2"
requires_python = ">=3.8"
summary = "Backported and Experimental Type Hints for Python 3.8+"
groups = ["dev"]
marker = "python_version < \"3.11\""
files = [
    {file = "typing_extensions-4.12.2-py3-none-any.whl", hash = "sha256:04e5ca0351e0f3f85c6853954072df659d0d13fac324d0072316b67d7794700d"},
    {file = "typing_extensions-4.12.2.tar.gz", hash = "sha256:1a7ead55c7e559dd4dee8856e3a88b41225abfe1ce8df57b7c13915fe121ffb8"},
]
