# This file is @generated by PDM.
# It is not intended for manual editing.

[metadata]
groups = ["default"]
strategy = ["inherit_metadata"]
lock_version = "4.5.0"
content_hash = "sha256:3013b7734a40b80738e36919db4e965e71ae285c7ef6b607d9962d4ac6b5debe"

[[metadata.targets]]
requires_python = ">=3.8,<3.13"
